// !$*UTF8*$!
{
	archiveVersion = 1;
	classes = {
	};
	objectVersion = 46;
	objects = {

/* Begin PBXBuildFile section */
		2739E9311BF9D8CC00BBE915 /* ActivityTableHeaderView.swift in Sources */ = {isa = PBXBuildFile; fileRef = 2739E9301BF9D8CC00BBE915 /* ActivityTableHeaderView.swift */; settings = {ASSET_TAGS = (); }; };
		2739E9331BF9D8E200BBE915 /* ActivityTableHeaderView.xib in Resources */ = {isa = PBXBuildFile; fileRef = 2739E9321BF9D8E200BBE915 /* ActivityTableHeaderView.xib */; settings = {ASSET_TAGS = (); }; };
		6D269AE31BCAB5D300D07DF1 /* AppDelegate.swift in Sources */ = {isa = PBXBuildFile; fileRef = 6D269AE21BCAB5D300D07DF1 /* AppDelegate.swift */; };
		6D269AE51BCAB5D300D07DF1 /* LoginViewController.swift in Sources */ = {isa = PBXBuildFile; fileRef = 6D269AE41BCAB5D300D07DF1 /* LoginViewController.swift */; };
		6D269AE81BCAB5D300D07DF1 /* Main.storyboard in Resources */ = {isa = PBXBuildFile; fileRef = 6D269AE61BCAB5D300D07DF1 /* Main.storyboard */; };
		6D269AEA1BCAB5D300D07DF1 /* Assets.xcassets in Resources */ = {isa = PBXBuildFile; fileRef = 6D269AE91BCAB5D300D07DF1 /* Assets.xcassets */; };
		6D269AED1BCAB5D300D07DF1 /* LaunchScreen.storyboard in Resources */ = {isa = PBXBuildFile; fileRef = 6D269AEB1BCAB5D300D07DF1 /* LaunchScreen.storyboard */; };
		6D269AF81BCAB5D300D07DF1 /* BunchChatTests.swift in Sources */ = {isa = PBXBuildFile; fileRef = 6D269AF71BCAB5D300D07DF1 /* BunchChatTests.swift */; };
		6D269B031BCAB5D300D07DF1 /* BunchChatUITests.swift in Sources */ = {isa = PBXBuildFile; fileRef = 6D269B021BCAB5D300D07DF1 /* BunchChatUITests.swift */; };
		6D9BD35B1BD5623400CB0D40 /* ActivityViewController.swift in Sources */ = {isa = PBXBuildFile; fileRef = 6D9BD35A1BD5623400CB0D40 /* ActivityViewController.swift */; };
		6DABB1AE1BD6ADEA0034506E /* LocationViewController.swift in Sources */ = {isa = PBXBuildFile; fileRef = 6DABB1AD1BD6ADEA0034506E /* LocationViewController.swift */; };
		6DABB1B01BD6AE1A0034506E /* GroupViewController.swift in Sources */ = {isa = PBXBuildFile; fileRef = 6DABB1AF1BD6AE1A0034506E /* GroupViewController.swift */; };
		6DABB1B31BD6AE350034506E /* UserViewController.swift in Sources */ = {isa = PBXBuildFile; fileRef = 6DABB1B21BD6AE350034506E /* UserViewController.swift */; };
		6DDAF1D51BF779AB0025B387 /* ActivityTableViewCell.swift in Sources */ = {isa = PBXBuildFile; fileRef = 6DDAF1D31BF779AB0025B387 /* ActivityTableViewCell.swift */; };
		6DDAF1D61BF779AB0025B387 /* ActivityTableViewCell.xib in Resources */ = {isa = PBXBuildFile; fileRef = 6DDAF1D41BF779AB0025B387 /* ActivityTableViewCell.xib */; };
		6DDD46841BD2CAAE00656BC2 /* HomeViewController.swift in Sources */ = {isa = PBXBuildFile; fileRef = 6DDD46831BD2CAAE00656BC2 /* HomeViewController.swift */; };
/* End PBXBuildFile section */

/* Begin PBXContainerItemProxy section */
		6D269AF41BCAB5D300D07DF1 /* PBXContainerItemProxy */ = {
			isa = PBXContainerItemProxy;
			containerPortal = 6D269AD71BCAB5D300D07DF1 /* Project object */;
			proxyType = 1;
			remoteGlobalIDString = 6D269ADE1BCAB5D300D07DF1;
			remoteInfo = BunchChat;
		};
		6D269AFF1BCAB5D300D07DF1 /* PBXContainerItemProxy */ = {
			isa = PBXContainerItemProxy;
			containerPortal = 6D269AD71BCAB5D300D07DF1 /* Project object */;
			proxyType = 1;
			remoteGlobalIDString = 6D269ADE1BCAB5D300D07DF1;
			remoteInfo = BunchChat;
		};
/* End PBXContainerItemProxy section */

/* Begin PBXFileReference section */
		2739E9301BF9D8CC00BBE915 /* ActivityTableHeaderView.swift */ = {isa = PBXFileReference; fileEncoding = 4; lastKnownFileType = sourcecode.swift; path = ActivityTableHeaderView.swift; sourceTree = "<group>"; };
		2739E9321BF9D8E200BBE915 /* ActivityTableHeaderView.xib */ = {isa = PBXFileReference; fileEncoding = 4; lastKnownFileType = file.xib; path = ActivityTableHeaderView.xib; sourceTree = "<group>"; };
		6D269ADF1BCAB5D300D07DF1 /* BunchChat.app */ = {isa = PBXFileReference; explicitFileType = wrapper.application; includeInIndex = 0; path = BunchChat.app; sourceTree = BUILT_PRODUCTS_DIR; };
		6D269AE21BCAB5D300D07DF1 /* AppDelegate.swift */ = {isa = PBXFileReference; lastKnownFileType = sourcecode.swift; path = AppDelegate.swift; sourceTree = "<group>"; };
		6D269AE41BCAB5D300D07DF1 /* LoginViewController.swift */ = {isa = PBXFileReference; lastKnownFileType = sourcecode.swift; path = LoginViewController.swift; sourceTree = "<group>"; };
		6D269AE71BCAB5D300D07DF1 /* Base */ = {isa = PBXFileReference; lastKnownFileType = file.storyboard; name = Base; path = Base.lproj/Main.storyboard; sourceTree = "<group>"; };
		6D269AE91BCAB5D300D07DF1 /* Assets.xcassets */ = {isa = PBXFileReference; lastKnownFileType = folder.assetcatalog; path = Assets.xcassets; sourceTree = "<group>"; };
		6D269AEC1BCAB5D300D07DF1 /* Base */ = {isa = PBXFileReference; lastKnownFileType = file.storyboard; name = Base; path = Base.lproj/LaunchScreen.storyboard; sourceTree = "<group>"; };
		6D269AEE1BCAB5D300D07DF1 /* Info.plist */ = {isa = PBXFileReference; lastKnownFileType = text.plist.xml; path = Info.plist; sourceTree = "<group>"; };
		6D269AF31BCAB5D300D07DF1 /* BunchChatTests.xctest */ = {isa = PBXFileReference; explicitFileType = wrapper.cfbundle; includeInIndex = 0; path = BunchChatTests.xctest; sourceTree = BUILT_PRODUCTS_DIR; };
		6D269AF71BCAB5D300D07DF1 /* BunchChatTests.swift */ = {isa = PBXFileReference; lastKnownFileType = sourcecode.swift; path = BunchChatTests.swift; sourceTree = "<group>"; };
		6D269AF91BCAB5D300D07DF1 /* Info.plist */ = {isa = PBXFileReference; lastKnownFileType = text.plist.xml; path = Info.plist; sourceTree = "<group>"; };
		6D269AFE1BCAB5D300D07DF1 /* BunchChatUITests.xctest */ = {isa = PBXFileReference; explicitFileType = wrapper.cfbundle; includeInIndex = 0; path = BunchChatUITests.xctest; sourceTree = BUILT_PRODUCTS_DIR; };
		6D269B021BCAB5D300D07DF1 /* BunchChatUITests.swift */ = {isa = PBXFileReference; lastKnownFileType = sourcecode.swift; path = BunchChatUITests.swift; sourceTree = "<group>"; };
		6D269B041BCAB5D300D07DF1 /* Info.plist */ = {isa = PBXFileReference; lastKnownFileType = text.plist.xml; path = Info.plist; sourceTree = "<group>"; };
		6D9BD35A1BD5623400CB0D40 /* ActivityViewController.swift */ = {isa = PBXFileReference; fileEncoding = 4; lastKnownFileType = sourcecode.swift; path = ActivityViewController.swift; sourceTree = "<group>"; };
		6DABB1AD1BD6ADEA0034506E /* LocationViewController.swift */ = {isa = PBXFileReference; fileEncoding = 4; lastKnownFileType = sourcecode.swift; path = LocationViewController.swift; sourceTree = "<group>"; };
		6DABB1AF1BD6AE1A0034506E /* GroupViewController.swift */ = {isa = PBXFileReference; fileEncoding = 4; lastKnownFileType = sourcecode.swift; path = GroupViewController.swift; sourceTree = "<group>"; };
		6DABB1B21BD6AE350034506E /* UserViewController.swift */ = {isa = PBXFileReference; fileEncoding = 4; lastKnownFileType = sourcecode.swift; path = UserViewController.swift; sourceTree = "<group>"; };
		6DDAF1D31BF779AB0025B387 /* ActivityTableViewCell.swift */ = {isa = PBXFileReference; fileEncoding = 4; lastKnownFileType = sourcecode.swift; path = ActivityTableViewCell.swift; sourceTree = "<group>"; };
		6DDAF1D41BF779AB0025B387 /* ActivityTableViewCell.xib */ = {isa = PBXFileReference; fileEncoding = 4; lastKnownFileType = file.xib; path = ActivityTableViewCell.xib; sourceTree = "<group>"; };
		6DDD46831BD2CAAE00656BC2 /* HomeViewController.swift */ = {isa = PBXFileReference; fileEncoding = 4; lastKnownFileType = sourcecode.swift; path = HomeViewController.swift; sourceTree = "<group>"; };
/* End PBXFileReference section */

/* Begin PBXFrameworksBuildPhase section */
		6D269ADC1BCAB5D300D07DF1 /* Frameworks */ = {
			isa = PBXFrameworksBuildPhase;
			buildActionMask = 2147483647;
			files = (
			);
			runOnlyForDeploymentPostprocessing = 0;
		};
		6D269AF01BCAB5D300D07DF1 /* Frameworks */ = {
			isa = PBXFrameworksBuildPhase;
			buildActionMask = 2147483647;
			files = (
			);
			runOnlyForDeploymentPostprocessing = 0;
		};
		6D269AFB1BCAB5D300D07DF1 /* Frameworks */ = {
			isa = PBXFrameworksBuildPhase;
			buildActionMask = 2147483647;
			files = (
			);
			runOnlyForDeploymentPostprocessing = 0;
		};
/* End PBXFrameworksBuildPhase section */

/* Begin PBXGroup section */
		6D269AD61BCAB5D300D07DF1 = {
			isa = PBXGroup;
			children = (
				6D269AE11BCAB5D300D07DF1 /* BunchChat */,
				6D269AF61BCAB5D300D07DF1 /* BunchChatTests */,
				6D269B011BCAB5D300D07DF1 /* BunchChatUITests */,
				6D269AE01BCAB5D300D07DF1 /* Products */,
			);
			sourceTree = "<group>";
		};
		6D269AE01BCAB5D300D07DF1 /* Products */ = {
			isa = PBXGroup;
			children = (
				6D269ADF1BCAB5D300D07DF1 /* BunchChat.app */,
				6D269AF31BCAB5D300D07DF1 /* BunchChatTests.xctest */,
				6D269AFE1BCAB5D300D07DF1 /* BunchChatUITests.xctest */,
			);
			name = Products;
			sourceTree = "<group>";
		};
		6D269AE11BCAB5D300D07DF1 /* BunchChat */ = {
			isa = PBXGroup;
			children = (
				6D269AE21BCAB5D300D07DF1 /* AppDelegate.swift */,
				6D269AE41BCAB5D300D07DF1 /* LoginViewController.swift */,
				6DDD46831BD2CAAE00656BC2 /* HomeViewController.swift */,
				6D269AE61BCAB5D300D07DF1 /* Main.storyboard */,
				6D9BD35A1BD5623400CB0D40 /* ActivityViewController.swift */,
				6D269AE91BCAB5D300D07DF1 /* Assets.xcassets */,
				6D269AEB1BCAB5D300D07DF1 /* LaunchScreen.storyboard */,
				6D269AEE1BCAB5D300D07DF1 /* Info.plist */,
				6DABB1AD1BD6ADEA0034506E /* LocationViewController.swift */,
				6DABB1AF1BD6AE1A0034506E /* GroupViewController.swift */,
				6DABB1B21BD6AE350034506E /* UserViewController.swift */,
				6DDAF1D31BF779AB0025B387 /* ActivityTableViewCell.swift */,
				6DDAF1D41BF779AB0025B387 /* ActivityTableViewCell.xib */,
				2739E9301BF9D8CC00BBE915 /* ActivityTableHeaderView.swift */,
				2739E9321BF9D8E200BBE915 /* ActivityTableHeaderView.xib */,
			);
			path = BunchChat;
			sourceTree = "<group>";
		};
		6D269AF61BCAB5D300D07DF1 /* BunchChatTests */ = {
			isa = PBXGroup;
			children = (
				6D269AF71BCAB5D300D07DF1 /* BunchChatTests.swift */,
				6D269AF91BCAB5D300D07DF1 /* Info.plist */,
			);
			path = BunchChatTests;
			sourceTree = "<group>";
		};
		6D269B011BCAB5D300D07DF1 /* BunchChatUITests */ = {
			isa = PBXGroup;
			children = (
				6D269B021BCAB5D300D07DF1 /* BunchChatUITests.swift */,
				6D269B041BCAB5D300D07DF1 /* Info.plist */,
			);
			path = BunchChatUITests;
			sourceTree = "<group>";
		};
/* End PBXGroup section */

/* Begin PBXNativeTarget section */
		6D269ADE1BCAB5D300D07DF1 /* BunchChat */ = {
			isa = PBXNativeTarget;
			buildConfigurationList = 6D269B071BCAB5D300D07DF1 /* Build configuration list for PBXNativeTarget "BunchChat" */;
			buildPhases = (
				6D269ADB1BCAB5D300D07DF1 /* Sources */,
				6D269ADC1BCAB5D300D07DF1 /* Frameworks */,
				6D269ADD1BCAB5D300D07DF1 /* Resources */,
			);
			buildRules = (
			);
			dependencies = (
			);
			name = BunchChat;
			productName = BunchChat;
			productReference = 6D269ADF1BCAB5D300D07DF1 /* BunchChat.app */;
			productType = "com.apple.product-type.application";
		};
		6D269AF21BCAB5D300D07DF1 /* BunchChatTests */ = {
			isa = PBXNativeTarget;
			buildConfigurationList = 6D269B0A1BCAB5D300D07DF1 /* Build configuration list for PBXNativeTarget "BunchChatTests" */;
			buildPhases = (
				6D269AEF1BCAB5D300D07DF1 /* Sources */,
				6D269AF01BCAB5D300D07DF1 /* Frameworks */,
				6D269AF11BCAB5D300D07DF1 /* Resources */,
			);
			buildRules = (
			);
			dependencies = (
				6D269AF51BCAB5D300D07DF1 /* PBXTargetDependency */,
			);
			name = BunchChatTests;
			productName = BunchChatTests;
			productReference = 6D269AF31BCAB5D300D07DF1 /* BunchChatTests.xctest */;
			productType = "com.apple.product-type.bundle.unit-test";
		};
		6D269AFD1BCAB5D300D07DF1 /* BunchChatUITests */ = {
			isa = PBXNativeTarget;
			buildConfigurationList = 6D269B0D1BCAB5D300D07DF1 /* Build configuration list for PBXNativeTarget "BunchChatUITests" */;
			buildPhases = (
				6D269AFA1BCAB5D300D07DF1 /* Sources */,
				6D269AFB1BCAB5D300D07DF1 /* Frameworks */,
				6D269AFC1BCAB5D300D07DF1 /* Resources */,
			);
			buildRules = (
			);
			dependencies = (
				6D269B001BCAB5D300D07DF1 /* PBXTargetDependency */,
			);
			name = BunchChatUITests;
			productName = BunchChatUITests;
			productReference = 6D269AFE1BCAB5D300D07DF1 /* BunchChatUITests.xctest */;
			productType = "com.apple.product-type.bundle.ui-testing";
		};
/* End PBXNativeTarget section */

/* Begin PBXProject section */
		6D269AD71BCAB5D300D07DF1 /* Project object */ = {
			isa = PBXProject;
			attributes = {
				LastUpgradeCheck = 0700;
				ORGANIZATIONNAME = Bunch;
				TargetAttributes = {
					6D269ADE1BCAB5D300D07DF1 = {
						CreatedOnToolsVersion = 7.0;
					};
					6D269AF21BCAB5D300D07DF1 = {
						CreatedOnToolsVersion = 7.0;
						TestTargetID = 6D269ADE1BCAB5D300D07DF1;
					};
					6D269AFD1BCAB5D300D07DF1 = {
						CreatedOnToolsVersion = 7.0;
						TestTargetID = 6D269ADE1BCAB5D300D07DF1;
					};
				};
			};
			buildConfigurationList = 6D269ADA1BCAB5D300D07DF1 /* Build configuration list for PBXProject "BunchChat" */;
			compatibilityVersion = "Xcode 3.2";
			developmentRegion = English;
			hasScannedForEncodings = 0;
			knownRegions = (
				en,
				Base,
			);
			mainGroup = 6D269AD61BCAB5D300D07DF1;
			productRefGroup = 6D269AE01BCAB5D300D07DF1 /* Products */;
			projectDirPath = "";
			projectRoot = "";
			targets = (
				6D269ADE1BCAB5D300D07DF1 /* BunchChat */,
				6D269AF21BCAB5D300D07DF1 /* BunchChatTests */,
				6D269AFD1BCAB5D300D07DF1 /* BunchChatUITests */,
			);
		};
/* End PBXProject section */

/* Begin PBXResourcesBuildPhase section */
		6D269ADD1BCAB5D300D07DF1 /* Resources */ = {
			isa = PBXResourcesBuildPhase;
			buildActionMask = 2147483647;
			files = (
				6D269AED1BCAB5D300D07DF1 /* LaunchScreen.storyboard in Resources */,
				6D269AEA1BCAB5D300D07DF1 /* Assets.xcassets in Resources */,
				2739E9331BF9D8E200BBE915 /* ActivityTableHeaderView.xib in Resources */,
				6DDAF1D61BF779AB0025B387 /* ActivityTableViewCell.xib in Resources */,
				6D269AE81BCAB5D300D07DF1 /* Main.storyboard in Resources */,
			);
			runOnlyForDeploymentPostprocessing = 0;
		};
		6D269AF11BCAB5D300D07DF1 /* Resources */ = {
			isa = PBXResourcesBuildPhase;
			buildActionMask = 2147483647;
			files = (
			);
			runOnlyForDeploymentPostprocessing = 0;
		};
		6D269AFC1BCAB5D300D07DF1 /* Resources */ = {
			isa = PBXResourcesBuildPhase;
			buildActionMask = 2147483647;
			files = (
			);
			runOnlyForDeploymentPostprocessing = 0;
		};
/* End PBXResourcesBuildPhase section */

/* Begin PBXSourcesBuildPhase section */
		6D269ADB1BCAB5D300D07DF1 /* Sources */ = {
			isa = PBXSourcesBuildPhase;
			buildActionMask = 2147483647;
			files = (
				6DABB1B31BD6AE350034506E /* UserViewController.swift in Sources */,
				6DABB1B01BD6AE1A0034506E /* GroupViewController.swift in Sources */,
				6DABB1AE1BD6ADEA0034506E /* LocationViewController.swift in Sources */,
				6D269AE51BCAB5D300D07DF1 /* LoginViewController.swift in Sources */,
				6D269AE31BCAB5D300D07DF1 /* AppDelegate.swift in Sources */,
				6DDD46841BD2CAAE00656BC2 /* HomeViewController.swift in Sources */,
				2739E9311BF9D8CC00BBE915 /* ActivityTableHeaderView.swift in Sources */,
				6DDAF1D51BF779AB0025B387 /* ActivityTableViewCell.swift in Sources */,
				6D9BD35B1BD5623400CB0D40 /* ActivityViewController.swift in Sources */,
			);
			runOnlyForDeploymentPostprocessing = 0;
		};
		6D269AEF1BCAB5D300D07DF1 /* Sources */ = {
			isa = PBXSourcesBuildPhase;
			buildActionMask = 2147483647;
			files = (
				6D269AF81BCAB5D300D07DF1 /* BunchChatTests.swift in Sources */,
			);
			runOnlyForDeploymentPostprocessing = 0;
		};
		6D269AFA1BCAB5D300D07DF1 /* Sources */ = {
			isa = PBXSourcesBuildPhase;
			buildActionMask = 2147483647;
			files = (
				6D269B031BCAB5D300D07DF1 /* BunchChatUITests.swift in Sources */,
			);
			runOnlyForDeploymentPostprocessing = 0;
		};
/* End PBXSourcesBuildPhase section */

/* Begin PBXTargetDependency section */
		6D269AF51BCAB5D300D07DF1 /* PBXTargetDependency */ = {
			isa = PBXTargetDependency;
			target = 6D269ADE1BCAB5D300D07DF1 /* BunchChat */;
			targetProxy = 6D269AF41BCAB5D300D07DF1 /* PBXContainerItemProxy */;
		};
		6D269B001BCAB5D300D07DF1 /* PBXTargetDependency */ = {
			isa = PBXTargetDependency;
			target = 6D269ADE1BCAB5D300D07DF1 /* BunchChat */;
			targetProxy = 6D269AFF1BCAB5D300D07DF1 /* PBXContainerItemProxy */;
		};
/* End PBXTargetDependency section */

/* Begin PBXVariantGroup section */
		6D269AE61BCAB5D300D07DF1 /* Main.storyboard */ = {
			isa = PBXVariantGroup;
			children = (
				6D269AE71BCAB5D300D07DF1 /* Base */,
			);
			name = Main.storyboard;
			sourceTree = "<group>";
		};
		6D269AEB1BCAB5D300D07DF1 /* LaunchScreen.storyboard */ = {
			isa = PBXVariantGroup;
			children = (
				6D269AEC1BCAB5D300D07DF1 /* Base */,
			);
			name = LaunchScreen.storyboard;
			sourceTree = "<group>";
		};
/* End PBXVariantGroup section */

/* Begin XCBuildConfiguration section */
		6D269B051BCAB5D300D07DF1 /* Debug */ = {
			isa = XCBuildConfiguration;
			buildSettings = {
				ALWAYS_SEARCH_USER_PATHS = NO;
				CLANG_CXX_LANGUAGE_STANDARD = "gnu++0x";
				CLANG_CXX_LIBRARY = "libc++";
				CLANG_ENABLE_MODULES = YES;
				CLANG_ENABLE_OBJC_ARC = YES;
				CLANG_WARN_BOOL_CONVERSION = YES;
				CLANG_WARN_CONSTANT_CONVERSION = YES;
				CLANG_WARN_DIRECT_OBJC_ISA_USAGE = YES_ERROR;
				CLANG_WARN_EMPTY_BODY = YES;
				CLANG_WARN_ENUM_CONVERSION = YES;
				CLANG_WARN_INT_CONVERSION = YES;
				CLANG_WARN_OBJC_ROOT_CLASS = YES_ERROR;
				CLANG_WARN_UNREACHABLE_CODE = YES;
				CLANG_WARN__DUPLICATE_METHOD_MATCH = YES;
				"CODE_SIGN_IDENTITY[sdk=iphoneos*]" = "iPhone Developer";
				COPY_PHASE_STRIP = NO;
				DEBUG_INFORMATION_FORMAT = dwarf;
				ENABLE_STRICT_OBJC_MSGSEND = YES;
				ENABLE_TESTABILITY = YES;
				GCC_C_LANGUAGE_STANDARD = gnu99;
				GCC_DYNAMIC_NO_PIC = NO;
				GCC_NO_COMMON_BLOCKS = YES;
				GCC_OPTIMIZATION_LEVEL = 0;
				GCC_PREPROCESSOR_DEFINITIONS = (
					"DEBUG=1",
					"$(inherited)",
				);
				GCC_WARN_64_TO_32_BIT_CONVERSION = YES;
				GCC_WARN_ABOUT_RETURN_TYPE = YES_ERROR;
				GCC_WARN_UNDECLARED_SELECTOR = YES;
				GCC_WARN_UNINITIALIZED_AUTOS = YES_AGGRESSIVE;
				GCC_WARN_UNUSED_FUNCTION = YES;
				GCC_WARN_UNUSED_VARIABLE = YES;
				IPHONEOS_DEPLOYMENT_TARGET = 9.0;
				MTL_ENABLE_DEBUG_INFO = YES;
				ONLY_ACTIVE_ARCH = YES;
				SDKROOT = iphoneos;
				SWIFT_OPTIMIZATION_LEVEL = "-Onone";
			};
			name = Debug;
		};
		6D269B061BCAB5D300D07DF1 /* Release */ = {
			isa = XCBuildConfiguration;
			buildSettings = {
				ALWAYS_SEARCH_USER_PATHS = NO;
				CLANG_CXX_LANGUAGE_STANDARD = "gnu++0x";
				CLANG_CXX_LIBRARY = "libc++";
				CLANG_ENABLE_MODULES = YES;
				CLANG_ENABLE_OBJC_ARC = YES;
				CLANG_WARN_BOOL_CONVERSION = YES;
				CLANG_WARN_CONSTANT_CONVERSION = YES;
				CLANG_WARN_DIRECT_OBJC_ISA_USAGE = YES_ERROR;
				CLANG_WARN_EMPTY_BODY = YES;
				CLANG_WARN_ENUM_CONVERSION = YES;
				CLANG_WARN_INT_CONVERSION = YES;
				CLANG_WARN_OBJC_ROOT_CLASS = YES_ERROR;
				CLANG_WARN_UNREACHABLE_CODE = YES;
				CLANG_WARN__DUPLICATE_METHOD_MATCH = YES;
				"CODE_SIGN_IDENTITY[sdk=iphoneos*]" = "iPhone Developer";
				COPY_PHASE_STRIP = NO;
				DEBUG_INFORMATION_FORMAT = "dwarf-with-dsym";
				ENABLE_NS_ASSERTIONS = NO;
				ENABLE_STRICT_OBJC_MSGSEND = YES;
				GCC_C_LANGUAGE_STANDARD = gnu99;
				GCC_NO_COMMON_BLOCKS = YES;
				GCC_WARN_64_TO_32_BIT_CONVERSION = YES;
				GCC_WARN_ABOUT_RETURN_TYPE = YES_ERROR;
				GCC_WARN_UNDECLARED_SELECTOR = YES;
				GCC_WARN_UNINITIALIZED_AUTOS = YES_AGGRESSIVE;
				GCC_WARN_UNUSED_FUNCTION = YES;
				GCC_WARN_UNUSED_VARIABLE = YES;
				IPHONEOS_DEPLOYMENT_TARGET = 9.0;
				MTL_ENABLE_DEBUG_INFO = NO;
				SDKROOT = iphoneos;
				VALIDATE_PRODUCT = YES;
			};
			name = Release;
		};
		6D269B081BCAB5D300D07DF1 /* Debug */ = {
			isa = XCBuildConfiguration;
			buildSettings = {
				ASSETCATALOG_COMPILER_APPICON_NAME = AppIcon;
				INFOPLIST_FILE = BunchChat/Info.plist;
				LD_RUNPATH_SEARCH_PATHS = "$(inherited) @executable_path/Frameworks";
				PRODUCT_BUNDLE_IDENTIFIER = com.bunch.BunchChat;
				PRODUCT_NAME = "$(TARGET_NAME)";
			};
			name = Debug;
		};
		6D269B091BCAB5D300D07DF1 /* Release */ = {
			isa = XCBuildConfiguration;
			buildSettings = {
				ASSETCATALOG_COMPILER_APPICON_NAME = AppIcon;
				INFOPLIST_FILE = BunchChat/Info.plist;
				LD_RUNPATH_SEARCH_PATHS = "$(inherited) @executable_path/Frameworks";
				PRODUCT_BUNDLE_IDENTIFIER = com.bunch.BunchChat;
				PRODUCT_NAME = "$(TARGET_NAME)";
			};
			name = Release;
		};
		6D269B0B1BCAB5D300D07DF1 /* Debug */ = {
			isa = XCBuildConfiguration;
			buildSettings = {
				BUNDLE_LOADER = "$(TEST_HOST)";
				INFOPLIST_FILE = BunchChatTests/Info.plist;
				LD_RUNPATH_SEARCH_PATHS = "$(inherited) @executable_path/Frameworks @loader_path/Frameworks";
				PRODUCT_BUNDLE_IDENTIFIER = com.bunch.BunchChatTests;
				PRODUCT_NAME = "$(TARGET_NAME)";
				TEST_HOST = "$(BUILT_PRODUCTS_DIR)/BunchChat.app/BunchChat";
			};
			name = Debug;
		};
		6D269B0C1BCAB5D300D07DF1 /* Release */ = {
			isa = XCBuildConfiguration;
			buildSettings = {
				BUNDLE_LOADER = "$(TEST_HOST)";
				INFOPLIST_FILE = BunchChatTests/Info.plist;
				LD_RUNPATH_SEARCH_PATHS = "$(inherited) @executable_path/Frameworks @loader_path/Frameworks";
				PRODUCT_BUNDLE_IDENTIFIER = com.bunch.BunchChatTests;
				PRODUCT_NAME = "$(TARGET_NAME)";
				TEST_HOST = "$(BUILT_PRODUCTS_DIR)/BunchChat.app/BunchChat";
			};
			name = Release;
		};
		6D269B0E1BCAB5D300D07DF1 /* Debug */ = {
			isa = XCBuildConfiguration;
			buildSettings = {
				INFOPLIST_FILE = BunchChatUITests/Info.plist;
				LD_RUNPATH_SEARCH_PATHS = "$(inherited) @executable_path/Frameworks @loader_path/Frameworks";
				PRODUCT_BUNDLE_IDENTIFIER = com.bunch.BunchChatUITests;
				PRODUCT_NAME = "$(TARGET_NAME)";
				TEST_TARGET_NAME = BunchChat;
				USES_XCTRUNNER = YES;
			};
			name = Debug;
		};
		6D269B0F1BCAB5D300D07DF1 /* Release */ = {
			isa = XCBuildConfiguration;
			buildSettings = {
				INFOPLIST_FILE = BunchChatUITests/Info.plist;
				LD_RUNPATH_SEARCH_PATHS = "$(inherited) @executable_path/Frameworks @loader_path/Frameworks";
				PRODUCT_BUNDLE_IDENTIFIER = com.bunch.BunchChatUITests;
				PRODUCT_NAME = "$(TARGET_NAME)";
				TEST_TARGET_NAME = BunchChat;
				USES_XCTRUNNER = YES;
			};
			name = Release;
		};
/* End XCBuildConfiguration section */

/* Begin XCConfigurationList section */
		6D269ADA1BCAB5D300D07DF1 /* Build configuration list for PBXProject "BunchChat" */ = {
			isa = XCConfigurationList;
			buildConfigurations = (
				6D269B051BCAB5D300D07DF1 /* Debug */,
				6D269B061BCAB5D300D07DF1 /* Release */,
			);
			defaultConfigurationIsVisible = 0;
			defaultConfigurationName = Release;
		};
		6D269B071BCAB5D300D07DF1 /* Build configuration list for PBXNativeTarget "BunchChat" */ = {
			isa = XCConfigurationList;
			buildConfigurations = (
				6D269B081BCAB5D300D07DF1 /* Debug */,
				6D269B091BCAB5D300D07DF1 /* Release */,
			);
			defaultConfigurationIsVisible = 0;
			defaultConfigurationName = Release;
		};
		6D269B0A1BCAB5D300D07DF1 /* Build configuration list for PBXNativeTarget "BunchChatTests" */ = {
			isa = XCConfigurationList;
			buildConfigurations = (
				6D269B0B1BCAB5D300D07DF1 /* Debug */,
				6D269B0C1BCAB5D300D07DF1 /* Release */,
			);
			defaultConfigurationIsVisible = 0;
			defaultConfigurationName = Release;
		};
		6D269B0D1BCAB5D300D07DF1 /* Build configuration list for PBXNativeTarget "BunchChatUITests" */ = {
			isa = XCConfigurationList;
			buildConfigurations = (
				6D269B0E1BCAB5D300D07DF1 /* Debug */,
				6D269B0F1BCAB5D300D07DF1 /* Release */,
			);
			defaultConfigurationIsVisible = 0;
			defaultConfigurationName = Release;
		};
/* End XCConfigurationList section */
	};
	rootObject = 6D269AD71BCAB5D300D07DF1 /* Project object */;
}
